
Microsoft Visual Studio Solution File, Format Version 12.00
# Visual Studio 14
VisualStudioVersion = 14.0.25420.1
MinimumVisualStudioVersion = 10.0.40219.1
Project("{8BC9CEB8-8B4A-11D0-8D11-00A0C91BC942}") = "Test", "Test\Test.vcxproj", "{CD921BD4-C48D-44AB-8403-F9E009A3B6B9}"
EndProject
Global
	GlobalSection(SolutionConfigurationPlatforms) = preSolution
		Debug|x64 = Debug|x64
		Debug|x86 = Debug|x86
		Release|x64 = Release|x64
		Release|x86 = Release|x86
	EndGlobalSection
	GlobalSection(ProjectConfigurationPlatforms) = postSolution
		{CD921BD4-C48D-44AB-8403-F9E009A3B6B9}.Debug|x64.ActiveCfg = Debug|x64
		{CD921BD4-C48D-44AB-8403-F9E009A3B6B9}.Debug|x64.Build.0 = Debug|x64
		{CD921BD4-C48D-44AB-8403-F9E009A3B6B9}.Debug|x86.ActiveCfg = Debug|Win32
		{CD921BD4-C48D-44AB-8403-F9E009A3B6B9}.Debug|x86.Build.0 = Debug|Win32
		{CD921BD4-C48D-44AB-8403-F9E009A3B6B9}.Release|x64.ActiveCfg = Release|x64
		{CD921BD4-C48D-44AB-8403-F9E009A3B6B9}.Release|x64.Build.0 = Release|x64
		{CD921BD4-C48D-44AB-8403-F9E009A3B6B9}.Release|x86.ActiveCfg = Release|Win32
		{CD921BD4-C48D-44AB-8403-F9E009A3B6B9}.Release|x86.Build.0 = Release|Win32
	EndGlobalSection
	GlobalSection(SolutionProperties) = preSolution
		HideSolutionNode = FALSE
	EndGlobalSection
	GlobalSection(ExtensibilityGlobals) = postSolution
		VisualSVNWorkingCopyRoot = ..
	EndGlobalSection
EndGlobal
